// !$*UTF8*$!
{
	archiveVersion = 1;
	classes = {
	};
	objectVersion = 55;
	objects = {

/* Begin PBXBuildFile section */
		3F52611A274CCD7700CB50FF /* main.swift in Sources */ = {isa = PBXBuildFile; fileRef = 3F526109274CAE4700CB50FF /* main.swift */; };
/* End PBXBuildFile section */

/* Begin PBXCopyFilesBuildPhase section */
		3F526104274CAE4700CB50FF /* CopyFiles */ = {
			isa = PBXCopyFilesBuildPhase;
			buildActionMask = 2147483647;
			dstPath = /usr/share/man/man1/;
			dstSubfolderSpec = 0;
			files = (
			);
			runOnlyForDeploymentPostprocessing = 1;
		};
/* End PBXCopyFilesBuildPhase section */

/* Begin PBXFileReference section */
		3F50E32C275DF3A6008D04F6 /* 상하좌우.swift */ = {isa = PBXFileReference; lastKnownFileType = sourcecode.swift; path = "상하좌우.swift"; sourceTree = "<group>"; };
		3F50E32D275DF775008D04F6 /* 시각.swift */ = {isa = PBXFileReference; lastKnownFileType = sourcecode.swift; path = "시각.swift"; sourceTree = "<group>"; };
		3F50E330275E01CE008D04F6 /* 왕실의 나이트.swift */ = {isa = PBXFileReference; lastKnownFileType = sourcecode.swift; path = "왕실의 나이트.swift"; sourceTree = "<group>"; };
		3F50E331275E0798008D04F6 /* 게임 개발.swift */ = {isa = PBXFileReference; lastKnownFileType = sourcecode.swift; path = "게임 개발.swift"; sourceTree = "<group>"; };
		3F50E333275E3801008D04F6 /* 음료수 얼려 먹기.swift */ = {isa = PBXFileReference; lastKnownFileType = sourcecode.swift; path = "음료수 얼려 먹기.swift"; sourceTree = "<group>"; };
		3F50E334275E41D2008D04F6 /* 2667_단지번호붙이기.swift */ = {isa = PBXFileReference; lastKnownFileType = sourcecode.swift; path = "2667_단지번호붙이기.swift"; sourceTree = "<group>"; };
		3F50E335275E4DD9008D04F6 /* 2468_안전_영역.swift */ = {isa = PBXFileReference; lastKnownFileType = sourcecode.swift; path = "2468_안전_영역.swift"; sourceTree = "<group>"; };
		3F50E337275F0EFE008D04F6 /* 미로_탈출.swift */ = {isa = PBXFileReference; lastKnownFileType = sourcecode.swift; path = "미로_탈출.swift"; sourceTree = "<group>"; };
		3F50E338275F1791008D04F6 /* 2178_미로_탐색.swift */ = {isa = PBXFileReference; lastKnownFileType = sourcecode.swift; path = "2178_미로_탐색.swift"; sourceTree = "<group>"; };
		3F50E339275F23D2008D04F6 /* 2583_영역_구하기.swift */ = {isa = PBXFileReference; lastKnownFileType = sourcecode.swift; path = "2583_영역_구하기.swift"; sourceTree = "<group>"; };
		3F50E33A275F35C7008D04F6 /* 2606_바이러스.swift */ = {isa = PBXFileReference; lastKnownFileType = sourcecode.swift; path = "2606_바이러스.swift"; sourceTree = "<group>"; };
		3F50E33B275F8878008D04F6 /* 11724_연결_요소의_개수.swift */ = {isa = PBXFileReference; lastKnownFileType = sourcecode.swift; path = "11724_연결_요소의_개수.swift"; sourceTree = "<group>"; };
		3F50E33D2760694F008D04F6 /* 1012_유기농_배추.swift */ = {isa = PBXFileReference; lastKnownFileType = sourcecode.swift; path = "1012_유기농_배추.swift"; sourceTree = "<group>"; };
		3F50E33E27606B09008D04F6 /* 4036_섬의_개수.swift */ = {isa = PBXFileReference; lastKnownFileType = sourcecode.swift; path = "4036_섬의_개수.swift"; sourceTree = "<group>"; };
		3F50E33F27606C13008D04F6 /* 1260_DFS와_BFS.swift */ = {isa = PBXFileReference; lastKnownFileType = sourcecode.swift; path = "1260_DFS와_BFS.swift"; sourceTree = "<group>"; };
		3F50E3402760837B008D04F6 /* 10989_수_정렬하기-3.swift */ = {isa = PBXFileReference; lastKnownFileType = sourcecode.swift; path = "10989_수_정렬하기-3.swift"; sourceTree = "<group>"; };
		3F50E3422761BA99008D04F6 /* 부품_찾기.swift */ = {isa = PBXFileReference; lastKnownFileType = sourcecode.swift; path = "부품_찾기.swift"; sourceTree = "<group>"; };
		3F50E3442761BE9D008D04F6 /* 떡볶이_떡_만들기.swift */ = {isa = PBXFileReference; lastKnownFileType = sourcecode.swift; path = "떡볶이_떡_만들기.swift"; sourceTree = "<group>"; };
		3F50E3452761CFB7008D04F6 /* 1920_수_찾기.swift */ = {isa = PBXFileReference; lastKnownFileType = sourcecode.swift; path = "1920_수_찾기.swift"; sourceTree = "<group>"; };
		3F50E34627647A88008D04F6 /* 1697_숨바꼭질.swift */ = {isa = PBXFileReference; lastKnownFileType = sourcecode.swift; path = "1697_숨바꼭질.swift"; sourceTree = "<group>"; };
		3F50E34727648F4C008D04F6 /* 10026_적록색약.swift */ = {isa = PBXFileReference; lastKnownFileType = sourcecode.swift; path = "10026_적록색약.swift"; sourceTree = "<group>"; };
		3F50E3482765B452008D04F6 /* 1987_알파벳.swift */ = {isa = PBXFileReference; lastKnownFileType = sourcecode.swift; path = "1987_알파벳.swift"; sourceTree = "<group>"; };
		3F50E3492765C8A0008D04F6 /* 2210_숫자판_점프.swift */ = {isa = PBXFileReference; lastKnownFileType = sourcecode.swift; path = "2210_숫자판_점프.swift"; sourceTree = "<group>"; };
		3F50E34A2766FD2C008D04F6 /* 2644_촌수계산.swift */ = {isa = PBXFileReference; lastKnownFileType = sourcecode.swift; path = "2644_촌수계산.swift"; sourceTree = "<group>"; };
		3F50E34B276702A9008D04F6 /* 2668_숫자고르기.swift */ = {isa = PBXFileReference; lastKnownFileType = sourcecode.swift; path = "2668_숫자고르기.swift"; sourceTree = "<group>"; };
		3F50E34E276717A7008D04F6 /* 10815_숫자_카드.swift */ = {isa = PBXFileReference; lastKnownFileType = sourcecode.swift; path = "10815_숫자_카드.swift"; sourceTree = "<group>"; };
		3F526106274CAE4700CB50FF /* Algorithm */ = {isa = PBXFileReference; explicitFileType = "compiled.mach-o.executable"; includeInIndex = 0; path = Algorithm; sourceTree = BUILT_PRODUCTS_DIR; };
		3F526109274CAE4700CB50FF /* main.swift */ = {isa = PBXFileReference; lastKnownFileType = sourcecode.swift; path = main.swift; sourceTree = "<group>"; };
		3F526110274CAE5600CB50FF /* 1330_두_수_비교하기.swift */ = {isa = PBXFileReference; lastKnownFileType = sourcecode.swift; path = "1330_두_수_비교하기.swift"; sourceTree = "<group>"; };
		3F526113274CB21A00CB50FF /* 9498_시험_성적.swift */ = {isa = PBXFileReference; lastKnownFileType = sourcecode.swift; path = "9498_시험_성적.swift"; sourceTree = "<group>"; };
		3F526115274CB35100CB50FF /* 2753_윤년.swift */ = {isa = PBXFileReference; lastKnownFileType = sourcecode.swift; path = "2753_윤년.swift"; sourceTree = "<group>"; };
		3F526117274CB9E900CB50FF /* 14681_사분면_고르기.swift */ = {isa = PBXFileReference; lastKnownFileType = sourcecode.swift; path = "14681_사분면_고르기.swift"; sourceTree = "<group>"; };
		3F526119274CCC8300CB50FF /* 2884_알람_시계.swift */ = {isa = PBXFileReference; lastKnownFileType = sourcecode.swift; path = "2884_알람_시계.swift"; sourceTree = "<group>"; };
		3F52611B274CCED700CB50FF /* 2739_구구단.swift */ = {isa = PBXFileReference; lastKnownFileType = sourcecode.swift; path = "2739_구구단.swift"; sourceTree = "<group>"; };
		3F52611C274CD0CC00CB50FF /* 10950_A+B-3.swift */ = {isa = PBXFileReference; lastKnownFileType = sourcecode.swift; path = "10950_A+B-3.swift"; sourceTree = "<group>"; };
		3F52611E274CD43100CB50FF /* 8393_합.swift */ = {isa = PBXFileReference; lastKnownFileType = sourcecode.swift; path = "8393_합.swift"; sourceTree = "<group>"; };
		3F526120274CD5C700CB50FF /* 15552_빠른_A+B.swift */ = {isa = PBXFileReference; lastKnownFileType = sourcecode.swift; path = "15552_빠른_A+B.swift"; sourceTree = "<group>"; };
		3F526122274DF86F00CB50FF /* 2741_N_찍기.swift */ = {isa = PBXFileReference; lastKnownFileType = sourcecode.swift; path = "2741_N_찍기.swift"; sourceTree = "<group>"; };
		3F526123274DF90B00CB50FF /* 2742_기찍_N.swift */ = {isa = PBXFileReference; lastKnownFileType = sourcecode.swift; path = "2742_기찍_N.swift"; sourceTree = "<group>"; };
		3F526124274DFA3300CB50FF /* 11021_A+B-7.swift */ = {isa = PBXFileReference; lastKnownFileType = sourcecode.swift; path = "11021_A+B-7.swift"; sourceTree = "<group>"; };
		3F526125274DFD0400CB50FF /* 11022_A+B-8.swift */ = {isa = PBXFileReference; lastKnownFileType = sourcecode.swift; path = "11022_A+B-8.swift"; sourceTree = "<group>"; };
		3F526127274DFE6200CB50FF /* 2438_별_찍기-1.swift */ = {isa = PBXFileReference; lastKnownFileType = sourcecode.swift; path = "2438_별_찍기-1.swift"; sourceTree = "<group>"; };
		3F526128274F72A600CB50FF /* 2439_별_찍기-2.swift */ = {isa = PBXFileReference; lastKnownFileType = sourcecode.swift; path = "2439_별_찍기-2.swift"; sourceTree = "<group>"; };
		3F526129274F73C100CB50FF /* 10871_X보다_작은_수.swift */ = {isa = PBXFileReference; lastKnownFileType = sourcecode.swift; path = "10871_X보다_작은_수.swift"; sourceTree = "<group>"; };
		3F52612B274F766C00CB50FF /* 10872_팩토리얼.swift */ = {isa = PBXFileReference; lastKnownFileType = sourcecode.swift; path = "10872_팩토리얼.swift"; sourceTree = "<group>"; };
		3F52612E274F795000CB50FF /* 10870_피보나치_수_5.swift */ = {isa = PBXFileReference; lastKnownFileType = sourcecode.swift; path = "10870_피보나치_수_5.swift"; sourceTree = "<group>"; };
		3F52612F274F7BA800CB50FF /* 2447_별_찍기-10.swift */ = {isa = PBXFileReference; lastKnownFileType = sourcecode.swift; path = "2447_별_찍기-10.swift"; sourceTree = "<group>"; };
		3F526130274FADD300CB50FF /* 11729_하노이탑.swift */ = {isa = PBXFileReference; lastKnownFileType = sourcecode.swift; path = "11729_하노이탑.swift"; sourceTree = "<group>"; };
		3F526132274FB06D00CB50FF /* 2795_블랙잭.swift */ = {isa = PBXFileReference; lastKnownFileType = sourcecode.swift; path = "2795_블랙잭.swift"; sourceTree = "<group>"; };
		3F526136274FBA5500CB50FF /* 2231_분해합.swift */ = {isa = PBXFileReference; lastKnownFileType = sourcecode.swift; path = "2231_분해합.swift"; sourceTree = "<group>"; };
		3F801E282754982D00DA5E3D /* 10829_이진수_변환.swift */ = {isa = PBXFileReference; lastKnownFileType = sourcecode.swift; path = "10829_이진수_변환.swift"; sourceTree = "<group>"; };
		3F801E292754F5A300DA5E3D /* 인프런강의_미로_찾기.swift */ = {isa = PBXFileReference; lastKnownFileType = sourcecode.swift; path = "인프런강의_미로_찾기.swift"; sourceTree = "<group>"; };
		3F801E2B2754F96900DA5E3D /* 로또의_최고_순위와_최저_순위.swift */ = {isa = PBXFileReference; lastKnownFileType = sourcecode.swift; path = "로또의_최고_순위와_최저_순위.swift"; sourceTree = "<group>"; };
		3F801E2C2755065200DA5E3D /* 7568_덩치.swift */ = {isa = PBXFileReference; lastKnownFileType = sourcecode.swift; path = "7568_덩치.swift"; sourceTree = "<group>"; };
		3F801E2E2755E7F800DA5E3D /* 2750_수_정렬하기.swift */ = {isa = PBXFileReference; lastKnownFileType = sourcecode.swift; path = "2750_수_정렬하기.swift"; sourceTree = "<group>"; };
		3F801E2F2755EF9000DA5E3D /* 2751_수_정렬하기-2.swift */ = {isa = PBXFileReference; lastKnownFileType = sourcecode.swift; path = "2751_수_정렬하기-2.swift"; sourceTree = "<group>"; };
		3F801E30275644BE00DA5E3D /* 신규_아이디_추천.swift */ = {isa = PBXFileReference; lastKnownFileType = sourcecode.swift; path = "신규_아이디_추천.swift"; sourceTree = "<group>"; };
		3F801E322757413600DA5E3D /* 큰_수의_법칙.swift */ = {isa = PBXFileReference; lastKnownFileType = sourcecode.swift; path = "큰_수의_법칙.swift"; sourceTree = "<group>"; };
		3F801E332757489700DA5E3D /* 숫자_카드_게임.swift */ = {isa = PBXFileReference; lastKnownFileType = sourcecode.swift; path = "숫자_카드_게임.swift"; sourceTree = "<group>"; };
		3F801E34275750C400DA5E3D /* 1이_될_때까지.swift */ = {isa = PBXFileReference; lastKnownFileType = sourcecode.swift; path = "1이_될_때까지.swift"; sourceTree = "<group>"; };
/* End PBXFileReference section */

/* Begin PBXFrameworksBuildPhase section */
		3F526103274CAE4700CB50FF /* Frameworks */ = {
			isa = PBXFrameworksBuildPhase;
			buildActionMask = 2147483647;
			files = (
			);
			runOnlyForDeploymentPostprocessing = 0;
		};
/* End PBXFrameworksBuildPhase section */

/* Begin PBXGroup section */
		3F50E32B275DF396008D04F6 /* 구현 */ = {
			isa = PBXGroup;
			children = (
				3F50E32C275DF3A6008D04F6 /* 상하좌우.swift */,
				3F50E32D275DF775008D04F6 /* 시각.swift */,
				3F50E330275E01CE008D04F6 /* 왕실의 나이트.swift */,
				3F50E331275E0798008D04F6 /* 게임 개발.swift */,
			);
			name = "구현";
			path = "구현";
			sourceTree = "<group>";
		};
		3F50E32E275E0185008D04F6 /* 백준 연습  */ = {
			isa = PBXGroup;
			children = (
				3F52611C274CD0CC00CB50FF /* 10950_A+B-3.swift */,
				3F52611B274CCED700CB50FF /* 2739_구구단.swift */,
				3F526110274CAE5600CB50FF /* 1330_두_수_비교하기.swift */,
				3F526113274CB21A00CB50FF /* 9498_시험_성적.swift */,
				3F526115274CB35100CB50FF /* 2753_윤년.swift */,
				3F526117274CB9E900CB50FF /* 14681_사분면_고르기.swift */,
				3F526119274CCC8300CB50FF /* 2884_알람_시계.swift */,
				3F52611E274CD43100CB50FF /* 8393_합.swift */,
				3F526120274CD5C700CB50FF /* 15552_빠른_A+B.swift */,
				3F526122274DF86F00CB50FF /* 2741_N_찍기.swift */,
				3F526123274DF90B00CB50FF /* 2742_기찍_N.swift */,
				3F526124274DFA3300CB50FF /* 11021_A+B-7.swift */,
				3F526125274DFD0400CB50FF /* 11022_A+B-8.swift */,
				3F526127274DFE6200CB50FF /* 2438_별_찍기-1.swift */,
				3F526128274F72A600CB50FF /* 2439_별_찍기-2.swift */,
				3F526129274F73C100CB50FF /* 10871_X보다_작은_수.swift */,
			);
			name = "백준 연습 ";
			path = "백준 연습 ";
			sourceTree = "<group>";
		};
		3F50E332275E35A4008D04F6 /* DFS */ = {
			isa = PBXGroup;
			children = (
				3F50E333275E3801008D04F6 /* 음료수 얼려 먹기.swift */,
				3F50E334275E41D2008D04F6 /* 2667_단지번호붙이기.swift */,
				3F50E335275E4DD9008D04F6 /* 2468_안전_영역.swift */,
				3F50E339275F23D2008D04F6 /* 2583_영역_구하기.swift */,
				3F50E33A275F35C7008D04F6 /* 2606_바이러스.swift */,
				3F50E33B275F8878008D04F6 /* 11724_연결_요소의_개수.swift */,
				3F50E34727648F4C008D04F6 /* 10026_적록색약.swift */,
				3F50E3482765B452008D04F6 /* 1987_알파벳.swift */,
				3F50E3492765C8A0008D04F6 /* 2210_숫자판_점프.swift */,
				3F50E34B276702A9008D04F6 /* 2668_숫자고르기.swift */,
			);
			path = DFS;
			sourceTree = "<group>";
		};
		3F50E336275F0EE9008D04F6 /* BFS */ = {
			isa = PBXGroup;
			children = (
				3F50E337275F0EFE008D04F6 /* 미로_탈출.swift */,
				3F50E338275F1791008D04F6 /* 2178_미로_탐색.swift */,
				3F50E33D2760694F008D04F6 /* 1012_유기농_배추.swift */,
				3F50E33E27606B09008D04F6 /* 4036_섬의_개수.swift */,
				3F50E33F27606C13008D04F6 /* 1260_DFS와_BFS.swift */,
				3F50E34627647A88008D04F6 /* 1697_숨바꼭질.swift */,
				3F50E34A2766FD2C008D04F6 /* 2644_촌수계산.swift */,
			);
			path = BFS;
			sourceTree = "<group>";
		};
		3F50E3412761BA8A008D04F6 /* 이진 탐색 */ = {
			isa = PBXGroup;
			children = (
				3F50E3422761BA99008D04F6 /* 부품_찾기.swift */,
				3F50E3442761BE9D008D04F6 /* 떡볶이_떡_만들기.swift */,
				3F50E3452761CFB7008D04F6 /* 1920_수_찾기.swift */,
				3F50E34E276717A7008D04F6 /* 10815_숫자_카드.swift */,
			);
			name = "이진 탐색";
			path = "이진 탐색";
			sourceTree = "<group>";
		};
		3F5260FD274CAE4700CB50FF = {
			isa = PBXGroup;
			children = (
				3F526108274CAE4700CB50FF /* Algorithm */,
				3F526107274CAE4700CB50FF /* Products */,
			);
			sourceTree = "<group>";
		};
		3F526107274CAE4700CB50FF /* Products */ = {
			isa = PBXGroup;
			children = (
				3F526106274CAE4700CB50FF /* Algorithm */,
			);
			name = Products;
			sourceTree = "<group>";
		};
		3F526108274CAE4700CB50FF /* Algorithm */ = {
			isa = PBXGroup;
			children = (
				3F50E3412761BA8A008D04F6 /* 이진 탐색 */,
				3F50E32B275DF396008D04F6 /* 구현 */,
				3F50E336275F0EE9008D04F6 /* BFS */,
				3F50E332275E35A4008D04F6 /* DFS */,
				3F50E32E275E0185008D04F6 /* 백준 연습  */,
				3F801E312757411D00DA5E3D /* 그리디 */,
				3F801E2A2754F95A00DA5E3D /* 프로그래머스 1단계 */,
				3F801E2D2755E7D000DA5E3D /* 정렬 */,
				3F526131274FB05100CB50FF /* 브루트 포스 */,
				3F52612A274F764F00CB50FF /* 재귀 */,
				3F526109274CAE4700CB50FF /* main.swift */,
			);
			path = Algorithm;
			sourceTree = "<group>";
		};
		3F52612A274F764F00CB50FF /* 재귀 */ = {
			isa = PBXGroup;
			children = (
				3F52612B274F766C00CB50FF /* 10872_팩토리얼.swift */,
				3F52612E274F795000CB50FF /* 10870_피보나치_수_5.swift */,
				3F52612F274F7BA800CB50FF /* 2447_별_찍기-10.swift */,
				3F526130274FADD300CB50FF /* 11729_하노이탑.swift */,
				3F801E282754982D00DA5E3D /* 10829_이진수_변환.swift */,
				3F801E292754F5A300DA5E3D /* 인프런강의_미로_찾기.swift */,
			);
			name = "재귀";
			path = "재귀";
			sourceTree = "<group>";
		};
		3F526131274FB05100CB50FF /* 브루트 포스 */ = {
			isa = PBXGroup;
			children = (
				3F526132274FB06D00CB50FF /* 2795_블랙잭.swift */,
				3F526136274FBA5500CB50FF /* 2231_분해합.swift */,
				3F801E2C2755065200DA5E3D /* 7568_덩치.swift */,
			);
			name = "브루트 포스";
			path = "브루트 포스";
			sourceTree = "<group>";
		};
		3F801E2A2754F95A00DA5E3D /* 프로그래머스 1단계 */ = {
			isa = PBXGroup;
			children = (
				3F801E2B2754F96900DA5E3D /* 로또의_최고_순위와_최저_순위.swift */,
				3F801E30275644BE00DA5E3D /* 신규_아이디_추천.swift */,
			);
			name = "프로그래머스 1단계";
			path = "프로그래머스 1단계";
			sourceTree = "<group>";
		};
		3F801E2D2755E7D000DA5E3D /* 정렬 */ = {
			isa = PBXGroup;
			children = (
				3F801E2E2755E7F800DA5E3D /* 2750_수_정렬하기.swift */,
				3F801E2F2755EF9000DA5E3D /* 2751_수_정렬하기-2.swift */,
				3F50E3402760837B008D04F6 /* 10989_수_정렬하기-3.swift */,
			);
			name = "정렬";
			path = "정렬";
			sourceTree = "<group>";
		};
		3F801E312757411D00DA5E3D /* 그리디 */ = {
			isa = PBXGroup;
			children = (
				3F801E322757413600DA5E3D /* 큰_수의_법칙.swift */,
				3F801E332757489700DA5E3D /* 숫자_카드_게임.swift */,
				3F801E34275750C400DA5E3D /* 1이_될_때까지.swift */,
			);
			name = "그리디";
			path = "그리디";
			sourceTree = "<group>";
		};
/* End PBXGroup section */

/* Begin PBXNativeTarget section */
		3F526105274CAE4700CB50FF /* Algorithm */ = {
			isa = PBXNativeTarget;
			buildConfigurationList = 3F52610D274CAE4700CB50FF /* Build configuration list for PBXNativeTarget "Algorithm" */;
			buildPhases = (
				3F526102274CAE4700CB50FF /* Sources */,
				3F526103274CAE4700CB50FF /* Frameworks */,
				3F526104274CAE4700CB50FF /* CopyFiles */,
			);
			buildRules = (
			);
			dependencies = (
			);
			name = Algorithm;
			productName = Algorithm;
			productReference = 3F526106274CAE4700CB50FF /* Algorithm */;
			productType = "com.apple.product-type.tool";
		};
/* End PBXNativeTarget section */

/* Begin PBXProject section */
		3F5260FE274CAE4700CB50FF /* Project object */ = {
			isa = PBXProject;
			attributes = {
				BuildIndependentTargetsInParallel = 1;
				LastSwiftUpdateCheck = 1300;
				LastUpgradeCheck = 1300;
				TargetAttributes = {
					3F526105274CAE4700CB50FF = {
						CreatedOnToolsVersion = 13.0;
					};
				};
			};
			buildConfigurationList = 3F526101274CAE4700CB50FF /* Build configuration list for PBXProject "Algorithm" */;
			compatibilityVersion = "Xcode 13.0";
			developmentRegion = en;
			hasScannedForEncodings = 0;
			knownRegions = (
				en,
				Base,
			);
			mainGroup = 3F5260FD274CAE4700CB50FF;
			productRefGroup = 3F526107274CAE4700CB50FF /* Products */;
			projectDirPath = "";
			projectRoot = "";
			targets = (
				3F526105274CAE4700CB50FF /* Algorithm */,
			);
		};
/* End PBXProject section */

/* Begin PBXSourcesBuildPhase section */
		3F526102274CAE4700CB50FF /* Sources */ = {
			isa = PBXSourcesBuildPhase;
			buildActionMask = 2147483647;
			files = (
				3F52611A274CCD7700CB50FF /* main.swift in Sources */,
			);
			runOnlyForDeploymentPostprocessing = 0;
		};
/* End PBXSourcesBuildPhase section */

/* Begin XCBuildConfiguration section */
		3F52610B274CAE4700CB50FF /* Debug */ = {
			isa = XCBuildConfiguration;
			buildSettings = {
				ALWAYS_SEARCH_USER_PATHS = NO;
				CLANG_ANALYZER_NONNULL = YES;
				CLANG_ANALYZER_NUMBER_OBJECT_CONVERSION = YES_AGGRESSIVE;
				CLANG_CXX_LANGUAGE_STANDARD = "gnu++17";
				CLANG_CXX_LIBRARY = "libc++";
				CLANG_ENABLE_MODULES = YES;
				CLANG_ENABLE_OBJC_ARC = YES;
				CLANG_ENABLE_OBJC_WEAK = YES;
				CLANG_WARN_BLOCK_CAPTURE_AUTORELEASING = YES;
				CLANG_WARN_BOOL_CONVERSION = YES;
				CLANG_WARN_COMMA = YES;
				CLANG_WARN_CONSTANT_CONVERSION = YES;
				CLANG_WARN_DEPRECATED_OBJC_IMPLEMENTATIONS = YES;
				CLANG_WARN_DIRECT_OBJC_ISA_USAGE = YES_ERROR;
				CLANG_WARN_DOCUMENTATION_COMMENTS = YES;
				CLANG_WARN_EMPTY_BODY = YES;
				CLANG_WARN_ENUM_CONVERSION = YES;
				CLANG_WARN_INFINITE_RECURSION = YES;
				CLANG_WARN_INT_CONVERSION = YES;
				CLANG_WARN_NON_LITERAL_NULL_CONVERSION = YES;
				CLANG_WARN_OBJC_IMPLICIT_RETAIN_SELF = YES;
				CLANG_WARN_OBJC_LITERAL_CONVERSION = YES;
				CLANG_WARN_OBJC_ROOT_CLASS = YES_ERROR;
				CLANG_WARN_QUOTED_INCLUDE_IN_FRAMEWORK_HEADER = YES;
				CLANG_WARN_RANGE_LOOP_ANALYSIS = YES;
				CLANG_WARN_STRICT_PROTOTYPES = YES;
				CLANG_WARN_SUSPICIOUS_MOVE = YES;
				CLANG_WARN_UNGUARDED_AVAILABILITY = YES_AGGRESSIVE;
				CLANG_WARN_UNREACHABLE_CODE = YES;
				CLANG_WARN__DUPLICATE_METHOD_MATCH = YES;
				COPY_PHASE_STRIP = NO;
				DEBUG_INFORMATION_FORMAT = dwarf;
				ENABLE_STRICT_OBJC_MSGSEND = YES;
				ENABLE_TESTABILITY = YES;
				GCC_C_LANGUAGE_STANDARD = gnu11;
				GCC_DYNAMIC_NO_PIC = NO;
				GCC_NO_COMMON_BLOCKS = YES;
				GCC_OPTIMIZATION_LEVEL = 0;
				GCC_PREPROCESSOR_DEFINITIONS = (
					"DEBUG=1",
					"$(inherited)",
				);
				GCC_WARN_64_TO_32_BIT_CONVERSION = YES;
				GCC_WARN_ABOUT_RETURN_TYPE = YES_ERROR;
				GCC_WARN_UNDECLARED_SELECTOR = YES;
				GCC_WARN_UNINITIALIZED_AUTOS = YES_AGGRESSIVE;
				GCC_WARN_UNUSED_FUNCTION = YES;
				GCC_WARN_UNUSED_VARIABLE = YES;
				MACOSX_DEPLOYMENT_TARGET = 11.3;
				MTL_ENABLE_DEBUG_INFO = INCLUDE_SOURCE;
				MTL_FAST_MATH = YES;
				ONLY_ACTIVE_ARCH = YES;
				SDKROOT = macosx;
				SWIFT_ACTIVE_COMPILATION_CONDITIONS = DEBUG;
				SWIFT_OPTIMIZATION_LEVEL = "-Onone";
			};
			name = Debug;
		};
		3F52610C274CAE4700CB50FF /* Release */ = {
			isa = XCBuildConfiguration;
			buildSettings = {
				ALWAYS_SEARCH_USER_PATHS = NO;
				CLANG_ANALYZER_NONNULL = YES;
				CLANG_ANALYZER_NUMBER_OBJECT_CONVERSION = YES_AGGRESSIVE;
				CLANG_CXX_LANGUAGE_STANDARD = "gnu++17";
				CLANG_CXX_LIBRARY = "libc++";
				CLANG_ENABLE_MODULES = YES;
				CLANG_ENABLE_OBJC_ARC = YES;
				CLANG_ENABLE_OBJC_WEAK = YES;
				CLANG_WARN_BLOCK_CAPTURE_AUTORELEASING = YES;
				CLANG_WARN_BOOL_CONVERSION = YES;
				CLANG_WARN_COMMA = YES;
				CLANG_WARN_CONSTANT_CONVERSION = YES;
				CLANG_WARN_DEPRECATED_OBJC_IMPLEMENTATIONS = YES;
				CLANG_WARN_DIRECT_OBJC_ISA_USAGE = YES_ERROR;
				CLANG_WARN_DOCUMENTATION_COMMENTS = YES;
				CLANG_WARN_EMPTY_BODY = YES;
				CLANG_WARN_ENUM_CONVERSION = YES;
				CLANG_WARN_INFINITE_RECURSION = YES;
				CLANG_WARN_INT_CONVERSION = YES;
				CLANG_WARN_NON_LITERAL_NULL_CONVERSION = YES;
				CLANG_WARN_OBJC_IMPLICIT_RETAIN_SELF = YES;
				CLANG_WARN_OBJC_LITERAL_CONVERSION = YES;
				CLANG_WARN_OBJC_ROOT_CLASS = YES_ERROR;
				CLANG_WARN_QUOTED_INCLUDE_IN_FRAMEWORK_HEADER = YES;
				CLANG_WARN_RANGE_LOOP_ANALYSIS = YES;
				CLANG_WARN_STRICT_PROTOTYPES = YES;
				CLANG_WARN_SUSPICIOUS_MOVE = YES;
				CLANG_WARN_UNGUARDED_AVAILABILITY = YES_AGGRESSIVE;
				CLANG_WARN_UNREACHABLE_CODE = YES;
				CLANG_WARN__DUPLICATE_METHOD_MATCH = YES;
				COPY_PHASE_STRIP = NO;
				DEBUG_INFORMATION_FORMAT = "dwarf-with-dsym";
				ENABLE_NS_ASSERTIONS = NO;
				ENABLE_STRICT_OBJC_MSGSEND = YES;
				GCC_C_LANGUAGE_STANDARD = gnu11;
				GCC_NO_COMMON_BLOCKS = YES;
				GCC_WARN_64_TO_32_BIT_CONVERSION = YES;
				GCC_WARN_ABOUT_RETURN_TYPE = YES_ERROR;
				GCC_WARN_UNDECLARED_SELECTOR = YES;
				GCC_WARN_UNINITIALIZED_AUTOS = YES_AGGRESSIVE;
				GCC_WARN_UNUSED_FUNCTION = YES;
				GCC_WARN_UNUSED_VARIABLE = YES;
				MACOSX_DEPLOYMENT_TARGET = 11.3;
				MTL_ENABLE_DEBUG_INFO = NO;
				MTL_FAST_MATH = YES;
				SDKROOT = macosx;
				SWIFT_COMPILATION_MODE = wholemodule;
				SWIFT_OPTIMIZATION_LEVEL = "-O";
			};
			name = Release;
		};
		3F52610E274CAE4700CB50FF /* Debug */ = {
			isa = XCBuildConfiguration;
			buildSettings = {
				CODE_SIGN_STYLE = Automatic;
				DEVELOPMENT_TEAM = Z9X27XS2Q8;
				ENABLE_HARDENED_RUNTIME = YES;
				PRODUCT_NAME = "$(TARGET_NAME)";
				SWIFT_VERSION = 5.0;
			};
			name = Debug;
		};
		3F52610F274CAE4700CB50FF /* Release */ = {
			isa = XCBuildConfiguration;
			buildSettings = {
				CODE_SIGN_STYLE = Automatic;
				DEVELOPMENT_TEAM = Z9X27XS2Q8;
				ENABLE_HARDENED_RUNTIME = YES;
				PRODUCT_NAME = "$(TARGET_NAME)";
				SWIFT_VERSION = 5.0;
			};
			name = Release;
		};
/* End XCBuildConfiguration section */

/* Begin XCConfigurationList section */
		3F526101274CAE4700CB50FF /* Build configuration list for PBXProject "Algorithm" */ = {
			isa = XCConfigurationList;
			buildConfigurations = (
				3F52610B274CAE4700CB50FF /* Debug */,
				3F52610C274CAE4700CB50FF /* Release */,
			);
			defaultConfigurationIsVisible = 0;
			defaultConfigurationName = Release;
		};
		3F52610D274CAE4700CB50FF /* Build configuration list for PBXNativeTarget "Algorithm" */ = {
			isa = XCConfigurationList;
			buildConfigurations = (
				3F52610E274CAE4700CB50FF /* Debug */,
				3F52610F274CAE4700CB50FF /* Release */,
			);
			defaultConfigurationIsVisible = 0;
			defaultConfigurationName = Release;
		};
/* End XCConfigurationList section */
	};
	rootObject = 3F5260FE274CAE4700CB50FF /* Project object */;
}
